
Microsoft Visual Studio Solution File, Format Version 10.00
# Visual Studio 2008
Project("{F184B08F-C81C-45F6-A57F-5ABD9991F28F}") = "FirstAddin", "FirstAddin\FirstAddin.vbproj", "{06500CCC-5ED0-4FAB-9375-FD4EC397617B}"
EndProject
Project("{54435603-DBB4-11D2-8724-00A0C9A8B90C}") = "FirstAddinSetup", "FirstAddinSetup\FirstAddinSetup.vdproj", "{341B091C-43CC-4343-AC71-158D37A02E23}"
EndProject
Global
	GlobalSection(SolutionConfigurationPlatforms) = preSolution
		Debug|Any CPU = Debug|Any CPU
		Release|Any CPU = Release|Any CPU
	EndGlobalSection
	GlobalSection(ProjectConfigurationPlatforms) = postSolution
		{06500CCC-5ED0-4FAB-9375-FD4EC397617B}.Debug|Any CPU.ActiveCfg = Debug|Any CPU
		{06500CCC-5ED0-4FAB-9375-FD4EC397617B}.Debug|Any CPU.Build.0 = Debug|Any CPU
		{06500CCC-5ED0-4FAB-9375-FD4EC397617B}.Release|Any CPU.ActiveCfg = Release|Any CPU
		{06500CCC-5ED0-4FAB-9375-FD4EC397617B}.Release|Any CPU.Build.0 = Release|Any CPU
		{341B091C-43CC-4343-AC71-158D37A02E23}.Debug|Any CPU.ActiveCfg = Debug
		{341B091C-43CC-4343-AC71-158D37A02E23}.Debug|Any CPU.Build.0 = Debug
		{341B091C-43CC-4343-AC71-158D37A02E23}.Release|Any CPU.ActiveCfg = Release
	EndGlobalSection
	GlobalSection(SolutionProperties) = preSolution
		HideSolutionNode = FALSE
	EndGlobalSection
EndGlobal
